// !$*UTF8*$!
{
	archiveVersion = 1;
	classes = {
	};
	objectVersion = 55;
	objects = {

/* Begin PBXBuildFile section */
		59BD7D3E283893A300691613 /* AppDelegate.swift in Sources */ = {isa = PBXBuildFile; fileRef = 59BD7D3D283893A300691613 /* AppDelegate.swift */; };
		59BD7D40283893A300691613 /* SceneDelegate.swift in Sources */ = {isa = PBXBuildFile; fileRef = 59BD7D3F283893A300691613 /* SceneDelegate.swift */; };
		59BD7D42283893A300691613 /* LoginViewController.swift in Sources */ = {isa = PBXBuildFile; fileRef = 59BD7D41283893A300691613 /* LoginViewController.swift */; };
		59BD7D45283893A300691613 /* Main.storyboard in Resources */ = {isa = PBXBuildFile; fileRef = 59BD7D43283893A300691613 /* Main.storyboard */; };
		59BD7D47283893A400691613 /* Assets.xcassets in Resources */ = {isa = PBXBuildFile; fileRef = 59BD7D46283893A400691613 /* Assets.xcassets */; };
		59BD7D4A283893A400691613 /* LaunchScreen.storyboard in Resources */ = {isa = PBXBuildFile; fileRef = 59BD7D48283893A400691613 /* LaunchScreen.storyboard */; };
		59FB213228482759003EDD32 /* MyFriendsController.swift in Sources */ = {isa = PBXBuildFile; fileRef = 59FB213128482759003EDD32 /* MyFriendsController.swift */; };
		59FB213528482C79003EDD32 /* MyCommunitiesController.swift in Sources */ = {isa = PBXBuildFile; fileRef = 59FB213428482C79003EDD32 /* MyCommunitiesController.swift */; };
		59FB213728482CA3003EDD32 /* CommunitiesSearchController.swift in Sources */ = {isa = PBXBuildFile; fileRef = 59FB213628482CA3003EDD32 /* CommunitiesSearchController.swift */; };
		59FB213A28482E5E003EDD32 /* FriendProfileController.swift in Sources */ = {isa = PBXBuildFile; fileRef = 59FB213928482E5E003EDD32 /* FriendProfileController.swift */; };
		59FB213F284B4534003EDD32 /* MyFriendsTableViewCell.swift in Sources */ = {isa = PBXBuildFile; fileRef = 59FB213D284B4534003EDD32 /* MyFriendsTableViewCell.swift */; };
		59FB2140284B4534003EDD32 /* MyFriendsTableViewCell.xib in Resources */ = {isa = PBXBuildFile; fileRef = 59FB213E284B4534003EDD32 /* MyFriendsTableViewCell.xib */; };
		59FB2145284B7311003EDD32 /* FriendModel.swift in Sources */ = {isa = PBXBuildFile; fileRef = 59FB2144284B7311003EDD32 /* FriendModel.swift */; };
/* End PBXBuildFile section */

/* Begin PBXFileReference section */
		59BD7D3A283893A300691613 /* MessangerVK.app */ = {isa = PBXFileReference; explicitFileType = wrapper.application; includeInIndex = 0; path = MessangerVK.app; sourceTree = BUILT_PRODUCTS_DIR; };
		59BD7D3D283893A300691613 /* AppDelegate.swift */ = {isa = PBXFileReference; lastKnownFileType = sourcecode.swift; path = AppDelegate.swift; sourceTree = "<group>"; };
		59BD7D3F283893A300691613 /* SceneDelegate.swift */ = {isa = PBXFileReference; lastKnownFileType = sourcecode.swift; path = SceneDelegate.swift; sourceTree = "<group>"; };
		59BD7D41283893A300691613 /* LoginViewController.swift */ = {isa = PBXFileReference; lastKnownFileType = sourcecode.swift; path = LoginViewController.swift; sourceTree = "<group>"; };
		59BD7D44283893A300691613 /* Base */ = {isa = PBXFileReference; lastKnownFileType = file.storyboard; name = Base; path = Base.lproj/Main.storyboard; sourceTree = "<group>"; };
		59BD7D46283893A400691613 /* Assets.xcassets */ = {isa = PBXFileReference; lastKnownFileType = folder.assetcatalog; path = Assets.xcassets; sourceTree = "<group>"; };
		59BD7D49283893A400691613 /* Base */ = {isa = PBXFileReference; lastKnownFileType = file.storyboard; name = Base; path = Base.lproj/LaunchScreen.storyboard; sourceTree = "<group>"; };
		59BD7D4B283893A400691613 /* Info.plist */ = {isa = PBXFileReference; lastKnownFileType = text.plist.xml; path = Info.plist; sourceTree = "<group>"; };
		59FB213128482759003EDD32 /* MyFriendsController.swift */ = {isa = PBXFileReference; lastKnownFileType = sourcecode.swift; path = MyFriendsController.swift; sourceTree = "<group>"; };
		59FB213428482C79003EDD32 /* MyCommunitiesController.swift */ = {isa = PBXFileReference; lastKnownFileType = sourcecode.swift; path = MyCommunitiesController.swift; sourceTree = "<group>"; };
		59FB213628482CA3003EDD32 /* CommunitiesSearchController.swift */ = {isa = PBXFileReference; lastKnownFileType = sourcecode.swift; path = CommunitiesSearchController.swift; sourceTree = "<group>"; };
		59FB213928482E5E003EDD32 /* FriendProfileController.swift */ = {isa = PBXFileReference; lastKnownFileType = sourcecode.swift; path = FriendProfileController.swift; sourceTree = "<group>"; };
		59FB213D284B4534003EDD32 /* MyFriendsTableViewCell.swift */ = {isa = PBXFileReference; lastKnownFileType = sourcecode.swift; path = MyFriendsTableViewCell.swift; sourceTree = "<group>"; };
		59FB213E284B4534003EDD32 /* MyFriendsTableViewCell.xib */ = {isa = PBXFileReference; lastKnownFileType = file.xib; path = MyFriendsTableViewCell.xib; sourceTree = "<group>"; };
		59FB2144284B7311003EDD32 /* FriendModel.swift */ = {isa = PBXFileReference; lastKnownFileType = sourcecode.swift; path = FriendModel.swift; sourceTree = "<group>"; };
/* End PBXFileReference section */

/* Begin PBXFrameworksBuildPhase section */
		59BD7D37283893A300691613 /* Frameworks */ = {
			isa = PBXFrameworksBuildPhase;
			buildActionMask = 2147483647;
			files = (
			);
			runOnlyForDeploymentPostprocessing = 0;
		};
/* End PBXFrameworksBuildPhase section */

/* Begin PBXGroup section */
		59BD7D31283893A300691613 = {
			isa = PBXGroup;
			children = (
				59FB213828482D2C003EDD32 /* Controllers */,
				59BD7D3C283893A300691613 /* MessangerVK */,
				59BD7D3B283893A300691613 /* Products */,
			);
			sourceTree = "<group>";
		};
		59BD7D3B283893A300691613 /* Products */ = {
			isa = PBXGroup;
			children = (
				59BD7D3A283893A300691613 /* MessangerVK.app */,
			);
			name = Products;
			sourceTree = "<group>";
		};
		59BD7D3C283893A300691613 /* MessangerVK */ = {
			isa = PBXGroup;
			children = (
				59FB2143284B72EF003EDD32 /* Models */,
				59FB21332848276B003EDD32 /* System */,
				59BD7D43283893A300691613 /* Main.storyboard */,
				59BD7D46283893A400691613 /* Assets.xcassets */,
				59BD7D48283893A400691613 /* LaunchScreen.storyboard */,
				59BD7D4B283893A400691613 /* Info.plist */,
			);
			path = MessangerVK;
			sourceTree = "<group>";
		};
		59FB21332848276B003EDD32 /* System */ = {
			isa = PBXGroup;
			children = (
				59BD7D3D283893A300691613 /* AppDelegate.swift */,
				59BD7D3F283893A300691613 /* SceneDelegate.swift */,
			);
			path = System;
			sourceTree = "<group>";
		};
		59FB213828482D2C003EDD32 /* Controllers */ = {
			isa = PBXGroup;
			children = (
				59BD7D41283893A300691613 /* LoginViewController.swift */,
				59FB2141284B454E003EDD32 /* Cells */,
				59FB213B284B4178003EDD32 /* Friends */,
				59FB213C284B4188003EDD32 /* Communities */,
			);
			path = Controllers;
			sourceTree = "<group>";
		};
		59FB213B284B4178003EDD32 /* Friends */ = {
			isa = PBXGroup;
			children = (
				59FB213128482759003EDD32 /* MyFriendsController.swift */,
				59FB213928482E5E003EDD32 /* FriendProfileController.swift */,
			);
			path = Friends;
			sourceTree = "<group>";
		};
		59FB213C284B4188003EDD32 /* Communities */ = {
			isa = PBXGroup;
			children = (
				59FB213428482C79003EDD32 /* MyCommunitiesController.swift */,
				59FB213628482CA3003EDD32 /* CommunitiesSearchController.swift */,
			);
			path = Communities;
			sourceTree = "<group>";
		};
		59FB2141284B454E003EDD32 /* Cells */ = {
			isa = PBXGroup;
			children = (
				59FB213D284B4534003EDD32 /* MyFriendsTableViewCell.swift */,
				59FB213E284B4534003EDD32 /* MyFriendsTableViewCell.xib */,
			);
			path = Cells;
			sourceTree = "<group>";
		};
		59FB2143284B72EF003EDD32 /* Models */ = {
			isa = PBXGroup;
			children = (
				59FB2144284B7311003EDD32 /* FriendModel.swift */,
			);
			name = Models;
			sourceTree = "<group>";
		};
/* End PBXGroup section */

/* Begin PBXNativeTarget section */
		59BD7D39283893A300691613 /* MessangerVK */ = {
			isa = PBXNativeTarget;
			buildConfigurationList = 59BD7D4E283893A400691613 /* Build configuration list for PBXNativeTarget "MessangerVK" */;
			buildPhases = (
				59BD7D36283893A300691613 /* Sources */,
				59BD7D37283893A300691613 /* Frameworks */,
				59BD7D38283893A300691613 /* Resources */,
			);
			buildRules = (
			);
			dependencies = (
			);
			name = MessangerVK;
			productName = MessangerVK;
			productReference = 59BD7D3A283893A300691613 /* MessangerVK.app */;
			productType = "com.apple.product-type.application";
		};
/* End PBXNativeTarget section */

/* Begin PBXProject section */
		59BD7D32283893A300691613 /* Project object */ = {
			isa = PBXProject;
			attributes = {
				BuildIndependentTargetsInParallel = 1;
				LastSwiftUpdateCheck = 1330;
				LastUpgradeCheck = 1330;
				TargetAttributes = {
					59BD7D39283893A300691613 = {
						CreatedOnToolsVersion = 13.3.1;
					};
				};
			};
			buildConfigurationList = 59BD7D35283893A300691613 /* Build configuration list for PBXProject "MessangerVK" */;
			compatibilityVersion = "Xcode 13.0";
			developmentRegion = en;
			hasScannedForEncodings = 0;
			knownRegions = (
				en,
				Base,
			);
			mainGroup = 59BD7D31283893A300691613;
			productRefGroup = 59BD7D3B283893A300691613 /* Products */;
			projectDirPath = "";
			projectRoot = "";
			targets = (
				59BD7D39283893A300691613 /* MessangerVK */,
			);
		};
/* End PBXProject section */

/* Begin PBXResourcesBuildPhase section */
		59BD7D38283893A300691613 /* Resources */ = {
			isa = PBXResourcesBuildPhase;
			buildActionMask = 2147483647;
			files = (
				59BD7D4A283893A400691613 /* LaunchScreen.storyboard in Resources */,
				59BD7D47283893A400691613 /* Assets.xcassets in Resources */,
				59BD7D45283893A300691613 /* Main.storyboard in Resources */,
				59FB2140284B4534003EDD32 /* MyFriendsTableViewCell.xib in Resources */,
			);
			runOnlyForDeploymentPostprocessing = 0;
		};
/* End PBXResourcesBuildPhase section */

/* Begin PBXSourcesBuildPhase section */
		59BD7D36283893A300691613 /* Sources */ = {
			isa = PBXSourcesBuildPhase;
			buildActionMask = 2147483647;
			files = (
				59FB213228482759003EDD32 /* MyFriendsController.swift in Sources */,
				59BD7D42283893A300691613 /* LoginViewController.swift in Sources */,
				59FB213528482C79003EDD32 /* MyCommunitiesController.swift in Sources */,
				59FB213F284B4534003EDD32 /* MyFriendsTableViewCell.swift in Sources */,
				59FB2145284B7311003EDD32 /* FriendModel.swift in Sources */,
				59BD7D3E283893A300691613 /* AppDelegate.swift in Sources */,
				59BD7D40283893A300691613 /* SceneDelegate.swift in Sources */,
				59FB213728482CA3003EDD32 /* CommunitiesSearchController.swift in Sources */,
				59FB213A28482E5E003EDD32 /* FriendProfileController.swift in Sources */,
			);
			runOnlyForDeploymentPostprocessing = 0;
		};
/* End PBXSourcesBuildPhase section */

/* Begin PBXVariantGroup section */
		59BD7D43283893A300691613 /* Main.storyboard */ = {
			isa = PBXVariantGroup;
			children = (
				59BD7D44283893A300691613 /* Base */,
			);
			name = Main.storyboard;
			sourceTree = "<group>";
		};
		59BD7D48283893A400691613 /* LaunchScreen.storyboard */ = {
			isa = PBXVariantGroup;
			children = (
				59BD7D49283893A400691613 /* Base */,
			);
			name = LaunchScreen.storyboard;
			sourceTree = "<group>";
		};
/* End PBXVariantGroup section */

/* Begin XCBuildConfiguration section */
		59BD7D4C283893A400691613 /* Debug */ = {
			isa = XCBuildConfiguration;
			buildSettings = {
				ALWAYS_SEARCH_USER_PATHS = NO;
				CLANG_ANALYZER_NONNULL = YES;
				CLANG_ANALYZER_NUMBER_OBJECT_CONVERSION = YES_AGGRESSIVE;
				CLANG_CXX_LANGUAGE_STANDARD = "gnu++17";
				CLANG_ENABLE_MODULES = YES;
				CLANG_ENABLE_OBJC_ARC = YES;
				CLANG_ENABLE_OBJC_WEAK = YES;
				CLANG_WARN_BLOCK_CAPTURE_AUTORELEASING = YES;
				CLANG_WARN_BOOL_CONVERSION = YES;
				CLANG_WARN_COMMA = YES;
				CLANG_WARN_CONSTANT_CONVERSION = YES;
				CLANG_WARN_DEPRECATED_OBJC_IMPLEMENTATIONS = YES;
				CLANG_WARN_DIRECT_OBJC_ISA_USAGE = YES_ERROR;
				CLANG_WARN_DOCUMENTATION_COMMENTS = YES;
				CLANG_WARN_EMPTY_BODY = YES;
				CLANG_WARN_ENUM_CONVERSION = YES;
				CLANG_WARN_INFINITE_RECURSION = YES;
				CLANG_WARN_INT_CONVERSION = YES;
				CLANG_WARN_NON_LITERAL_NULL_CONVERSION = YES;
				CLANG_WARN_OBJC_IMPLICIT_RETAIN_SELF = YES;
				CLANG_WARN_OBJC_LITERAL_CONVERSION = YES;
				CLANG_WARN_OBJC_ROOT_CLASS = YES_ERROR;
				CLANG_WARN_QUOTED_INCLUDE_IN_FRAMEWORK_HEADER = YES;
				CLANG_WARN_RANGE_LOOP_ANALYSIS = YES;
				CLANG_WARN_STRICT_PROTOTYPES = YES;
				CLANG_WARN_SUSPICIOUS_MOVE = YES;
				CLANG_WARN_UNGUARDED_AVAILABILITY = YES_AGGRESSIVE;
				CLANG_WARN_UNREACHABLE_CODE = YES;
				CLANG_WARN__DUPLICATE_METHOD_MATCH = YES;
				COPY_PHASE_STRIP = NO;
				DEBUG_INFORMATION_FORMAT = dwarf;
				ENABLE_STRICT_OBJC_MSGSEND = YES;
				ENABLE_TESTABILITY = YES;
				GCC_C_LANGUAGE_STANDARD = gnu11;
				GCC_DYNAMIC_NO_PIC = NO;
				GCC_NO_COMMON_BLOCKS = YES;
				GCC_OPTIMIZATION_LEVEL = 0;
				GCC_PREPROCESSOR_DEFINITIONS = (
					"DEBUG=1",
					"$(inherited)",
				);
				GCC_WARN_64_TO_32_BIT_CONVERSION = YES;
				GCC_WARN_ABOUT_RETURN_TYPE = YES_ERROR;
				GCC_WARN_UNDECLARED_SELECTOR = YES;
				GCC_WARN_UNINITIALIZED_AUTOS = YES_AGGRESSIVE;
				GCC_WARN_UNUSED_FUNCTION = YES;
				GCC_WARN_UNUSED_VARIABLE = YES;
				IPHONEOS_DEPLOYMENT_TARGET = 15.4;
				MTL_ENABLE_DEBUG_INFO = INCLUDE_SOURCE;
				MTL_FAST_MATH = YES;
				ONLY_ACTIVE_ARCH = YES;
				SDKROOT = iphoneos;
				SWIFT_ACTIVE_COMPILATION_CONDITIONS = DEBUG;
				SWIFT_OPTIMIZATION_LEVEL = "-Onone";
			};
			name = Debug;
		};
		59BD7D4D283893A400691613 /* Release */ = {
			isa = XCBuildConfiguration;
			buildSettings = {
				ALWAYS_SEARCH_USER_PATHS = NO;
				CLANG_ANALYZER_NONNULL = YES;
				CLANG_ANALYZER_NUMBER_OBJECT_CONVERSION = YES_AGGRESSIVE;
				CLANG_CXX_LANGUAGE_STANDARD = "gnu++17";
				CLANG_ENABLE_MODULES = YES;
				CLANG_ENABLE_OBJC_ARC = YES;
				CLANG_ENABLE_OBJC_WEAK = YES;
				CLANG_WARN_BLOCK_CAPTURE_AUTORELEASING = YES;
				CLANG_WARN_BOOL_CONVERSION = YES;
				CLANG_WARN_COMMA = YES;
				CLANG_WARN_CONSTANT_CONVERSION = YES;
				CLANG_WARN_DEPRECATED_OBJC_IMPLEMENTATIONS = YES;
				CLANG_WARN_DIRECT_OBJC_ISA_USAGE = YES_ERROR;
				CLANG_WARN_DOCUMENTATION_COMMENTS = YES;
				CLANG_WARN_EMPTY_BODY = YES;
				CLANG_WARN_ENUM_CONVERSION = YES;
				CLANG_WARN_INFINITE_RECURSION = YES;
				CLANG_WARN_INT_CONVERSION = YES;
				CLANG_WARN_NON_LITERAL_NULL_CONVERSION = YES;
				CLANG_WARN_OBJC_IMPLICIT_RETAIN_SELF = YES;
				CLANG_WARN_OBJC_LITERAL_CONVERSION = YES;
				CLANG_WARN_OBJC_ROOT_CLASS = YES_ERROR;
				CLANG_WARN_QUOTED_INCLUDE_IN_FRAMEWORK_HEADER = YES;
				CLANG_WARN_RANGE_LOOP_ANALYSIS = YES;
				CLANG_WARN_STRICT_PROTOTYPES = YES;
				CLANG_WARN_SUSPICIOUS_MOVE = YES;
				CLANG_WARN_UNGUARDED_AVAILABILITY = YES_AGGRESSIVE;
				CLANG_WARN_UNREACHABLE_CODE = YES;
				CLANG_WARN__DUPLICATE_METHOD_MATCH = YES;
				COPY_PHASE_STRIP = NO;
				DEBUG_INFORMATION_FORMAT = "dwarf-with-dsym";
				ENABLE_NS_ASSERTIONS = NO;
				ENABLE_STRICT_OBJC_MSGSEND = YES;
				GCC_C_LANGUAGE_STANDARD = gnu11;
				GCC_NO_COMMON_BLOCKS = YES;
				GCC_WARN_64_TO_32_BIT_CONVERSION = YES;
				GCC_WARN_ABOUT_RETURN_TYPE = YES_ERROR;
				GCC_WARN_UNDECLARED_SELECTOR = YES;
				GCC_WARN_UNINITIALIZED_AUTOS = YES_AGGRESSIVE;
				GCC_WARN_UNUSED_FUNCTION = YES;
				GCC_WARN_UNUSED_VARIABLE = YES;
				IPHONEOS_DEPLOYMENT_TARGET = 15.4;
				MTL_ENABLE_DEBUG_INFO = NO;
				MTL_FAST_MATH = YES;
				SDKROOT = iphoneos;
				SWIFT_COMPILATION_MODE = wholemodule;
				SWIFT_OPTIMIZATION_LEVEL = "-O";
				VALIDATE_PRODUCT = YES;
			};
			name = Release;
		};
		59BD7D4F283893A400691613 /* Debug */ = {
			isa = XCBuildConfiguration;
			buildSettings = {
				ASSETCATALOG_COMPILER_APPICON_NAME = AppIcon;
				ASSETCATALOG_COMPILER_GLOBAL_ACCENT_COLOR_NAME = AccentColor;
				CODE_SIGN_STYLE = Automatic;
				CURRENT_PROJECT_VERSION = 1;
				GENERATE_INFOPLIST_FILE = YES;
				INFOPLIST_FILE = MessangerVK/Info.plist;
				INFOPLIST_KEY_UIApplicationSupportsIndirectInputEvents = YES;
				INFOPLIST_KEY_UILaunchStoryboardName = LaunchScreen;
				INFOPLIST_KEY_UIMainStoryboardFile = Main;
				INFOPLIST_KEY_UISupportedInterfaceOrientations_iPad = "UIInterfaceOrientationPortrait UIInterfaceOrientationPortraitUpsideDown UIInterfaceOrientationLandscapeLeft UIInterfaceOrientationLandscapeRight";
				INFOPLIST_KEY_UISupportedInterfaceOrientations_iPhone = "UIInterfaceOrientationPortrait UIInterfaceOrientationLandscapeLeft UIInterfaceOrientationLandscapeRight";
				LD_RUNPATH_SEARCH_PATHS = (
					"$(inherited)",
					"@executable_path/Frameworks",
				);
				MARKETING_VERSION = 1.0;
				PRODUCT_BUNDLE_IDENTIFIER = LockStock.MessangerVK;
				PRODUCT_NAME = "$(TARGET_NAME)";
				SWIFT_EMIT_LOC_STRINGS = YES;
				SWIFT_VERSION = 5.0;
				TARGETED_DEVICE_FAMILY = "1,2";
			};
			name = Debug;
		};
		59BD7D50283893A400691613 /* Release */ = {
			isa = XCBuildConfiguration;
			buildSettings = {
				ASSETCATALOG_COMPILER_APPICON_NAME = AppIcon;
				ASSETCATALOG_COMPILER_GLOBAL_ACCENT_COLOR_NAME = AccentColor;
				CODE_SIGN_STYLE = Automatic;
				CURRENT_PROJECT_VERSION = 1;
				GENERATE_INFOPLIST_FILE = YES;
				INFOPLIST_FILE = MessangerVK/Info.plist;
				INFOPLIST_KEY_UIApplicationSupportsIndirectInputEvents = YES;
				INFOPLIST_KEY_UILaunchStoryboardName = LaunchScreen;
				INFOPLIST_KEY_UIMainStoryboardFile = Main;
				INFOPLIST_KEY_UISupportedInterfaceOrientations_iPad = "UIInterfaceOrientationPortrait UIInterfaceOrientationPortraitUpsideDown UIInterfaceOrientationLandscapeLeft UIInterfaceOrientationLandscapeRight";
				INFOPLIST_KEY_UISupportedInterfaceOrientations_iPhone = "UIInterfaceOrientationPortrait UIInterfaceOrientationLandscapeLeft UIInterfaceOrientationLandscapeRight";
				LD_RUNPATH_SEARCH_PATHS = (
					"$(inherited)",
					"@executable_path/Frameworks",
				);
				MARKETING_VERSION = 1.0;
				PRODUCT_BUNDLE_IDENTIFIER = LockStock.MessangerVK;
				PRODUCT_NAME = "$(TARGET_NAME)";
				SWIFT_EMIT_LOC_STRINGS = YES;
				SWIFT_VERSION = 5.0;
				TARGETED_DEVICE_FAMILY = "1,2";
			};
			name = Release;
		};
/* End XCBuildConfiguration section */

/* Begin XCConfigurationList section */
		59BD7D35283893A300691613 /* Build configuration list for PBXProject "MessangerVK" */ = {
			isa = XCConfigurationList;
			buildConfigurations = (
				59BD7D4C283893A400691613 /* Debug */,
				59BD7D4D283893A400691613 /* Release */,
			);
			defaultConfigurationIsVisible = 0;
			defaultConfigurationName = Release;
		};
		59BD7D4E283893A400691613 /* Build configuration list for PBXNativeTarget "MessangerVK" */ = {
			isa = XCConfigurationList;
			buildConfigurations = (
				59BD7D4F283893A400691613 /* Debug */,
				59BD7D50283893A400691613 /* Release */,
			);
			defaultConfigurationIsVisible = 0;
			defaultConfigurationName = Release;
		};
/* End XCConfigurationList section */
	};
	rootObject = 59BD7D32283893A300691613 /* Project object */;
}
